// !$*UTF8*$!
{
	archiveVersion = 1;
	classes = {
	};
	objectVersion = 56;
	objects = {

/* Begin PBXBuildFile section */
		8B2D550729570601004D75A3 /* AppDelegate.swift in Sources */ = {isa = PBXBuildFile; fileRef = 8B2D550629570601004D75A3 /* AppDelegate.swift */; };
		8B2D550929570601004D75A3 /* SceneDelegate.swift in Sources */ = {isa = PBXBuildFile; fileRef = 8B2D550829570601004D75A3 /* SceneDelegate.swift */; };
		8B2D550B29570601004D75A3 /* ViewController.swift in Sources */ = {isa = PBXBuildFile; fileRef = 8B2D550A29570601004D75A3 /* ViewController.swift */; };
		8B2D550E29570601004D75A3 /* Main.storyboard in Resources */ = {isa = PBXBuildFile; fileRef = 8B2D550C29570601004D75A3 /* Main.storyboard */; };
		8B2D551029570603004D75A3 /* Assets.xcassets in Resources */ = {isa = PBXBuildFile; fileRef = 8B2D550F29570603004D75A3 /* Assets.xcassets */; };
		8B2D551329570603004D75A3 /* LaunchScreen.storyboard in Resources */ = {isa = PBXBuildFile; fileRef = 8B2D551129570603004D75A3 /* LaunchScreen.storyboard */; };
		8B2D551E29570603004D75A3 /* ThirdSprintTaskProjectTests.swift in Sources */ = {isa = PBXBuildFile; fileRef = 8B2D551D29570603004D75A3 /* ThirdSprintTaskProjectTests.swift */; };
		8B2D552829570603004D75A3 /* ThirdSprintTaskProjectUITests.swift in Sources */ = {isa = PBXBuildFile; fileRef = 8B2D552729570603004D75A3 /* ThirdSprintTaskProjectUITests.swift */; };
		8B2D552A29570603004D75A3 /* ThirdSprintTaskProjectUITestsLaunchTests.swift in Sources */ = {isa = PBXBuildFile; fileRef = 8B2D552929570603004D75A3 /* ThirdSprintTaskProjectUITestsLaunchTests.swift */; };
/* End PBXBuildFile section */

/* Begin PBXContainerItemProxy section */
		8B2D551A29570603004D75A3 /* PBXContainerItemProxy */ = {
			isa = PBXContainerItemProxy;
			containerPortal = 8B2D54FB29570601004D75A3 /* Project object */;
			proxyType = 1;
			remoteGlobalIDString = 8B2D550229570601004D75A3;
			remoteInfo = ThirdSprintTaskProject;
		};
		8B2D552429570603004D75A3 /* PBXContainerItemProxy */ = {
			isa = PBXContainerItemProxy;
			containerPortal = 8B2D54FB29570601004D75A3 /* Project object */;
			proxyType = 1;
			remoteGlobalIDString = 8B2D550229570601004D75A3;
			remoteInfo = ThirdSprintTaskProject;
		};
/* End PBXContainerItemProxy section */

/* Begin PBXFileReference section */
		8B2D550329570601004D75A3 /* ThirdSprintTaskProject.app */ = {isa = PBXFileReference; explicitFileType = wrapper.application; includeInIndex = 0; path = ThirdSprintTaskProject.app; sourceTree = BUILT_PRODUCTS_DIR; };
		8B2D550629570601004D75A3 /* AppDelegate.swift */ = {isa = PBXFileReference; lastKnownFileType = sourcecode.swift; path = AppDelegate.swift; sourceTree = "<group>"; };
		8B2D550829570601004D75A3 /* SceneDelegate.swift */ = {isa = PBXFileReference; lastKnownFileType = sourcecode.swift; path = SceneDelegate.swift; sourceTree = "<group>"; };
		8B2D550A29570601004D75A3 /* ViewController.swift */ = {isa = PBXFileReference; lastKnownFileType = sourcecode.swift; path = ViewController.swift; sourceTree = "<group>"; };
		8B2D550D29570601004D75A3 /* Base */ = {isa = PBXFileReference; lastKnownFileType = file.storyboard; name = Base; path = Base.lproj/Main.storyboard; sourceTree = "<group>"; };
		8B2D550F29570603004D75A3 /* Assets.xcassets */ = {isa = PBXFileReference; lastKnownFileType = folder.assetcatalog; path = Assets.xcassets; sourceTree = "<group>"; };
		8B2D551229570603004D75A3 /* Base */ = {isa = PBXFileReference; lastKnownFileType = file.storyboard; name = Base; path = Base.lproj/LaunchScreen.storyboard; sourceTree = "<group>"; };
		8B2D551429570603004D75A3 /* Info.plist */ = {isa = PBXFileReference; lastKnownFileType = text.plist.xml; path = Info.plist; sourceTree = "<group>"; };
		8B2D551929570603004D75A3 /* ThirdSprintTaskProjectTests.xctest */ = {isa = PBXFileReference; explicitFileType = wrapper.cfbundle; includeInIndex = 0; path = ThirdSprintTaskProjectTests.xctest; sourceTree = BUILT_PRODUCTS_DIR; };
		8B2D551D29570603004D75A3 /* ThirdSprintTaskProjectTests.swift */ = {isa = PBXFileReference; lastKnownFileType = sourcecode.swift; path = ThirdSprintTaskProjectTests.swift; sourceTree = "<group>"; };
		8B2D552329570603004D75A3 /* ThirdSprintTaskProjectUITests.xctest */ = {isa = PBXFileReference; explicitFileType = wrapper.cfbundle; includeInIndex = 0; path = ThirdSprintTaskProjectUITests.xctest; sourceTree = BUILT_PRODUCTS_DIR; };
		8B2D552729570603004D75A3 /* ThirdSprintTaskProjectUITests.swift */ = {isa = PBXFileReference; lastKnownFileType = sourcecode.swift; path = ThirdSprintTaskProjectUITests.swift; sourceTree = "<group>"; };
		8B2D552929570603004D75A3 /* ThirdSprintTaskProjectUITestsLaunchTests.swift */ = {isa = PBXFileReference; lastKnownFileType = sourcecode.swift; path = ThirdSprintTaskProjectUITestsLaunchTests.swift; sourceTree = "<group>"; };
/* End PBXFileReference section */

/* Begin PBXFrameworksBuildPhase section */
		8B2D550029570601004D75A3 /* Frameworks */ = {
			isa = PBXFrameworksBuildPhase;
			buildActionMask = 2147483647;
			files = (
			);
			runOnlyForDeploymentPostprocessing = 0;
		};
		8B2D551629570603004D75A3 /* Frameworks */ = {
			isa = PBXFrameworksBuildPhase;
			buildActionMask = 2147483647;
			files = (
			);
			runOnlyForDeploymentPostprocessing = 0;
		};
		8B2D552029570603004D75A3 /* Frameworks */ = {
			isa = PBXFrameworksBuildPhase;
			buildActionMask = 2147483647;
			files = (
			);
			runOnlyForDeploymentPostprocessing = 0;
		};
/* End PBXFrameworksBuildPhase section */

/* Begin PBXGroup section */
		8B2D54FA29570601004D75A3 = {
			isa = PBXGroup;
			children = (
				8B2D550529570601004D75A3 /* ThirdSprintTaskProject */,
				8B2D551C29570603004D75A3 /* ThirdSprintTaskProjectTests */,
				8B2D552629570603004D75A3 /* ThirdSprintTaskProjectUITests */,
				8B2D550429570601004D75A3 /* Products */,
			);
			sourceTree = "<group>";
		};
		8B2D550429570601004D75A3 /* Products */ = {
			isa = PBXGroup;
			children = (
				8B2D550329570601004D75A3 /* ThirdSprintTaskProject.app */,
				8B2D551929570603004D75A3 /* ThirdSprintTaskProjectTests.xctest */,
				8B2D552329570603004D75A3 /* ThirdSprintTaskProjectUITests.xctest */,
			);
			name = Products;
			sourceTree = "<group>";
		};
		8B2D550529570601004D75A3 /* ThirdSprintTaskProject */ = {
			isa = PBXGroup;
			children = (
				8B2D550629570601004D75A3 /* AppDelegate.swift */,
				8B2D550829570601004D75A3 /* SceneDelegate.swift */,
				8B2D550A29570601004D75A3 /* ViewController.swift */,
				8B2D550C29570601004D75A3 /* Main.storyboard */,
				8B2D550F29570603004D75A3 /* Assets.xcassets */,
				8B2D551129570603004D75A3 /* LaunchScreen.storyboard */,
				8B2D551429570603004D75A3 /* Info.plist */,
			);
			path = ThirdSprintTaskProject;
			sourceTree = "<group>";
		};
		8B2D551C29570603004D75A3 /* ThirdSprintTaskProjectTests */ = {
			isa = PBXGroup;
			children = (
				8B2D551D29570603004D75A3 /* ThirdSprintTaskProjectTests.swift */,
			);
			path = ThirdSprintTaskProjectTests;
			sourceTree = "<group>";
		};
		8B2D552629570603004D75A3 /* ThirdSprintTaskProjectUITests */ = {
			isa = PBXGroup;
			children = (
				8B2D552729570603004D75A3 /* ThirdSprintTaskProjectUITests.swift */,
				8B2D552929570603004D75A3 /* ThirdSprintTaskProjectUITestsLaunchTests.swift */,
			);
			path = ThirdSprintTaskProjectUITests;
			sourceTree = "<group>";
		};
/* End PBXGroup section */

/* Begin PBXNativeTarget section */
		8B2D550229570601004D75A3 /* ThirdSprintTaskProject */ = {
			isa = PBXNativeTarget;
			buildConfigurationList = 8B2D552D29570603004D75A3 /* Build configuration list for PBXNativeTarget "ThirdSprintTaskProject" */;
			buildPhases = (
				8B2D54FF29570601004D75A3 /* Sources */,
				8B2D550029570601004D75A3 /* Frameworks */,
				8B2D550129570601004D75A3 /* Resources */,
			);
			buildRules = (
			);
			dependencies = (
			);
			name = ThirdSprintTaskProject;
			productName = ThirdSprintTaskProject;
			productReference = 8B2D550329570601004D75A3 /* ThirdSprintTaskProject.app */;
			productType = "com.apple.product-type.application";
		};
		8B2D551829570603004D75A3 /* ThirdSprintTaskProjectTests */ = {
			isa = PBXNativeTarget;
			buildConfigurationList = 8B2D553029570603004D75A3 /* Build configuration list for PBXNativeTarget "ThirdSprintTaskProjectTests" */;
			buildPhases = (
				8B2D551529570603004D75A3 /* Sources */,
				8B2D551629570603004D75A3 /* Frameworks */,
				8B2D551729570603004D75A3 /* Resources */,
			);
			buildRules = (
			);
			dependencies = (
				8B2D551B29570603004D75A3 /* PBXTargetDependency */,
			);
			name = ThirdSprintTaskProjectTests;
			productName = ThirdSprintTaskProjectTests;
			productReference = 8B2D551929570603004D75A3 /* ThirdSprintTaskProjectTests.xctest */;
			productType = "com.apple.product-type.bundle.unit-test";
		};
		8B2D552229570603004D75A3 /* ThirdSprintTaskProjectUITests */ = {
			isa = PBXNativeTarget;
			buildConfigurationList = 8B2D553329570603004D75A3 /* Build configuration list for PBXNativeTarget "ThirdSprintTaskProjectUITests" */;
			buildPhases = (
				8B2D551F29570603004D75A3 /* Sources */,
				8B2D552029570603004D75A3 /* Frameworks */,
				8B2D552129570603004D75A3 /* Resources */,
			);
			buildRules = (
			);
			dependencies = (
				8B2D552529570603004D75A3 /* PBXTargetDependency */,
			);
			name = ThirdSprintTaskProjectUITests;
			productName = ThirdSprintTaskProjectUITests;
			productReference = 8B2D552329570603004D75A3 /* ThirdSprintTaskProjectUITests.xctest */;
			productType = "com.apple.product-type.bundle.ui-testing";
		};
/* End PBXNativeTarget section */

/* Begin PBXProject section */
		8B2D54FB29570601004D75A3 /* Project object */ = {
			isa = PBXProject;
			attributes = {
				BuildIndependentTargetsInParallel = 1;
				LastSwiftUpdateCheck = 1420;
				LastUpgradeCheck = 1420;
				TargetAttributes = {
					8B2D550229570601004D75A3 = {
						CreatedOnToolsVersion = 14.2;
					};
					8B2D551829570603004D75A3 = {
						CreatedOnToolsVersion = 14.2;
						TestTargetID = 8B2D550229570601004D75A3;
					};
					8B2D552229570603004D75A3 = {
						CreatedOnToolsVersion = 14.2;
						TestTargetID = 8B2D550229570601004D75A3;
					};
				};
			};
			buildConfigurationList = 8B2D54FE29570601004D75A3 /* Build configuration list for PBXProject "ThirdSprintTaskProject" */;
			compatibilityVersion = "Xcode 14.0";
			developmentRegion = en;
			hasScannedForEncodings = 0;
			knownRegions = (
				en,
				Base,
			);
			mainGroup = 8B2D54FA29570601004D75A3;
			productRefGroup = 8B2D550429570601004D75A3 /* Products */;
			projectDirPath = "";
			projectRoot = "";
			targets = (
				8B2D550229570601004D75A3 /* ThirdSprintTaskProject */,
				8B2D551829570603004D75A3 /* ThirdSprintTaskProjectTests */,
				8B2D552229570603004D75A3 /* ThirdSprintTaskProjectUITests */,
			);
		};
/* End PBXProject section */

/* Begin PBXResourcesBuildPhase section */
		8B2D550129570601004D75A3 /* Resources */ = {
			isa = PBXResourcesBuildPhase;
			buildActionMask = 2147483647;
			files = (
				8B2D551329570603004D75A3 /* LaunchScreen.storyboard in Resources */,
				8B2D551029570603004D75A3 /* Assets.xcassets in Resources */,
				8B2D550E29570601004D75A3 /* Main.storyboard in Resources */,
			);
			runOnlyForDeploymentPostprocessing = 0;
		};
		8B2D551729570603004D75A3 /* Resources */ = {
			isa = PBXResourcesBuildPhase;
			buildActionMask = 2147483647;
			files = (
			);
			runOnlyForDeploymentPostprocessing = 0;
		};
		8B2D552129570603004D75A3 /* Resources */ = {
			isa = PBXResourcesBuildPhase;
			buildActionMask = 2147483647;
			files = (
			);
			runOnlyForDeploymentPostprocessing = 0;
		};
/* End PBXResourcesBuildPhase section */

/* Begin PBXSourcesBuildPhase section */
		8B2D54FF29570601004D75A3 /* Sources */ = {
			isa = PBXSourcesBuildPhase;
			buildActionMask = 2147483647;
			files = (
				8B2D550B29570601004D75A3 /* ViewController.swift in Sources */,
				8B2D550729570601004D75A3 /* AppDelegate.swift in Sources */,
				8B2D550929570601004D75A3 /* SceneDelegate.swift in Sources */,
			);
			runOnlyForDeploymentPostprocessing = 0;
		};
		8B2D551529570603004D75A3 /* Sources */ = {
			isa = PBXSourcesBuildPhase;
			buildActionMask = 2147483647;
			files = (
				8B2D551E29570603004D75A3 /* ThirdSprintTaskProjectTests.swift in Sources */,
			);
			runOnlyForDeploymentPostprocessing = 0;
		};
		8B2D551F29570603004D75A3 /* Sources */ = {
			isa = PBXSourcesBuildPhase;
			buildActionMask = 2147483647;
			files = (
				8B2D552829570603004D75A3 /* ThirdSprintTaskProjectUITests.swift in Sources */,
				8B2D552A29570603004D75A3 /* ThirdSprintTaskProjectUITestsLaunchTests.swift in Sources */,
			);
			runOnlyForDeploymentPostprocessing = 0;
		};
/* End PBXSourcesBuildPhase section */

/* Begin PBXTargetDependency section */
		8B2D551B29570603004D75A3 /* PBXTargetDependency */ = {
			isa = PBXTargetDependency;
			target = 8B2D550229570601004D75A3 /* ThirdSprintTaskProject */;
			targetProxy = 8B2D551A29570603004D75A3 /* PBXContainerItemProxy */;
		};
		8B2D552529570603004D75A3 /* PBXTargetDependency */ = {
			isa = PBXTargetDependency;
			target = 8B2D550229570601004D75A3 /* ThirdSprintTaskProject */;
			targetProxy = 8B2D552429570603004D75A3 /* PBXContainerItemProxy */;
		};
/* End PBXTargetDependency section */

/* Begin PBXVariantGroup section */
		8B2D550C29570601004D75A3 /* Main.storyboard */ = {
			isa = PBXVariantGroup;
			children = (
				8B2D550D29570601004D75A3 /* Base */,
			);
			name = Main.storyboard;
			sourceTree = "<group>";
		};
		8B2D551129570603004D75A3 /* LaunchScreen.storyboard */ = {
			isa = PBXVariantGroup;
			children = (
				8B2D551229570603004D75A3 /* Base */,
			);
			name = LaunchScreen.storyboard;
			sourceTree = "<group>";
		};
/* End PBXVariantGroup section */

/* Begin XCBuildConfiguration section */
		8B2D552B29570603004D75A3 /* Debug */ = {
			isa = XCBuildConfiguration;
			buildSettings = {
				ALWAYS_SEARCH_USER_PATHS = NO;
				CLANG_ANALYZER_NONNULL = YES;
				CLANG_ANALYZER_NUMBER_OBJECT_CONVERSION = YES_AGGRESSIVE;
				CLANG_CXX_LANGUAGE_STANDARD = "gnu++20";
				CLANG_ENABLE_MODULES = YES;
				CLANG_ENABLE_OBJC_ARC = YES;
				CLANG_ENABLE_OBJC_WEAK = YES;
				CLANG_WARN_BLOCK_CAPTURE_AUTORELEASING = YES;
				CLANG_WARN_BOOL_CONVERSION = YES;
				CLANG_WARN_COMMA = YES;
				CLANG_WARN_CONSTANT_CONVERSION = YES;
				CLANG_WARN_DEPRECATED_OBJC_IMPLEMENTATIONS = YES;
				CLANG_WARN_DIRECT_OBJC_ISA_USAGE = YES_ERROR;
				CLANG_WARN_DOCUMENTATION_COMMENTS = YES;
				CLANG_WARN_EMPTY_BODY = YES;
				CLANG_WARN_ENUM_CONVERSION = YES;
				CLANG_WARN_INFINITE_RECURSION = YES;
				CLANG_WARN_INT_CONVERSION = YES;
				CLANG_WARN_NON_LITERAL_NULL_CONVERSION = YES;
				CLANG_WARN_OBJC_IMPLICIT_RETAIN_SELF = YES;
				CLANG_WARN_OBJC_LITERAL_CONVERSION = YES;
				CLANG_WARN_OBJC_ROOT_CLASS = YES_ERROR;
				CLANG_WARN_QUOTED_INCLUDE_IN_FRAMEWORK_HEADER = YES;
				CLANG_WARN_RANGE_LOOP_ANALYSIS = YES;
				CLANG_WARN_STRICT_PROTOTYPES = YES;
				CLANG_WARN_SUSPICIOUS_MOVE = YES;
				CLANG_WARN_UNGUARDED_AVAILABILITY = YES_AGGRESSIVE;
				CLANG_WARN_UNREACHABLE_CODE = YES;
				CLANG_WARN__DUPLICATE_METHOD_MATCH = YES;
				COPY_PHASE_STRIP = NO;
				DEBUG_INFORMATION_FORMAT = dwarf;
				ENABLE_STRICT_OBJC_MSGSEND = YES;
				ENABLE_TESTABILITY = YES;
				GCC_C_LANGUAGE_STANDARD = gnu11;
				GCC_DYNAMIC_NO_PIC = NO;
				GCC_NO_COMMON_BLOCKS = YES;
				GCC_OPTIMIZATION_LEVEL = 0;
				GCC_PREPROCESSOR_DEFINITIONS = (
					"DEBUG=1",
					"$(inherited)",
				);
				GCC_WARN_64_TO_32_BIT_CONVERSION = YES;
				GCC_WARN_ABOUT_RETURN_TYPE = YES_ERROR;
				GCC_WARN_UNDECLARED_SELECTOR = YES;
				GCC_WARN_UNINITIALIZED_AUTOS = YES_AGGRESSIVE;
				GCC_WARN_UNUSED_FUNCTION = YES;
				GCC_WARN_UNUSED_VARIABLE = YES;
				IPHONEOS_DEPLOYMENT_TARGET = 16.2;
				MTL_ENABLE_DEBUG_INFO = INCLUDE_SOURCE;
				MTL_FAST_MATH = YES;
				ONLY_ACTIVE_ARCH = YES;
				SDKROOT = iphoneos;
				SWIFT_ACTIVE_COMPILATION_CONDITIONS = DEBUG;
				SWIFT_OPTIMIZATION_LEVEL = "-Onone";
			};
			name = Debug;
		};
		8B2D552C29570603004D75A3 /* Release */ = {
			isa = XCBuildConfiguration;
			buildSettings = {
				ALWAYS_SEARCH_USER_PATHS = NO;
				CLANG_ANALYZER_NONNULL = YES;
				CLANG_ANALYZER_NUMBER_OBJECT_CONVERSION = YES_AGGRESSIVE;
				CLANG_CXX_LANGUAGE_STANDARD = "gnu++20";
				CLANG_ENABLE_MODULES = YES;
				CLANG_ENABLE_OBJC_ARC = YES;
				CLANG_ENABLE_OBJC_WEAK = YES;
				CLANG_WARN_BLOCK_CAPTURE_AUTORELEASING = YES;
				CLANG_WARN_BOOL_CONVERSION = YES;
				CLANG_WARN_COMMA = YES;
				CLANG_WARN_CONSTANT_CONVERSION = YES;
				CLANG_WARN_DEPRECATED_OBJC_IMPLEMENTATIONS = YES;
				CLANG_WARN_DIRECT_OBJC_ISA_USAGE = YES_ERROR;
				CLANG_WARN_DOCUMENTATION_COMMENTS = YES;
				CLANG_WARN_EMPTY_BODY = YES;
				CLANG_WARN_ENUM_CONVERSION = YES;
				CLANG_WARN_INFINITE_RECURSION = YES;
				CLANG_WARN_INT_CONVERSION = YES;
				CLANG_WARN_NON_LITERAL_NULL_CONVERSION = YES;
				CLANG_WARN_OBJC_IMPLICIT_RETAIN_SELF = YES;
				CLANG_WARN_OBJC_LITERAL_CONVERSION = YES;
				CLANG_WARN_OBJC_ROOT_CLASS = YES_ERROR;
				CLANG_WARN_QUOTED_INCLUDE_IN_FRAMEWORK_HEADER = YES;
				CLANG_WARN_RANGE_LOOP_ANALYSIS = YES;
				CLANG_WARN_STRICT_PROTOTYPES = YES;
				CLANG_WARN_SUSPICIOUS_MOVE = YES;
				CLANG_WARN_UNGUARDED_AVAILABILITY = YES_AGGRESSIVE;
				CLANG_WARN_UNREACHABLE_CODE = YES;
				CLANG_WARN__DUPLICATE_METHOD_MATCH = YES;
				COPY_PHASE_STRIP = NO;
				DEBUG_INFORMATION_FORMAT = "dwarf-with-dsym";
				ENABLE_NS_ASSERTIONS = NO;
				ENABLE_STRICT_OBJC_MSGSEND = YES;
				GCC_C_LANGUAGE_STANDARD = gnu11;
				GCC_NO_COMMON_BLOCKS = YES;
				GCC_WARN_64_TO_32_BIT_CONVERSION = YES;
				GCC_WARN_ABOUT_RETURN_TYPE = YES_ERROR;
				GCC_WARN_UNDECLARED_SELECTOR = YES;
				GCC_WARN_UNINITIALIZED_AUTOS = YES_AGGRESSIVE;
				GCC_WARN_UNUSED_FUNCTION = YES;
				GCC_WARN_UNUSED_VARIABLE = YES;
				IPHONEOS_DEPLOYMENT_TARGET = 16.2;
				MTL_ENABLE_DEBUG_INFO = NO;
				MTL_FAST_MATH = YES;
				SDKROOT = iphoneos;
				SWIFT_COMPILATION_MODE = wholemodule;
				SWIFT_OPTIMIZATION_LEVEL = "-O";
				VALIDATE_PRODUCT = YES;
			};
			name = Release;
		};
		8B2D552E29570603004D75A3 /* Debug */ = {
			isa = XCBuildConfiguration;
			buildSettings = {
				ASSETCATALOG_COMPILER_APPICON_NAME = AppIcon;
				ASSETCATALOG_COMPILER_GLOBAL_ACCENT_COLOR_NAME = AccentColor;
				CODE_SIGN_STYLE = Automatic;
				CURRENT_PROJECT_VERSION = 1;
				GENERATE_INFOPLIST_FILE = YES;
				INFOPLIST_FILE = ThirdSprintTaskProject/Info.plist;
				INFOPLIST_KEY_UIApplicationSupportsIndirectInputEvents = YES;
				INFOPLIST_KEY_UILaunchStoryboardName = LaunchScreen;
				INFOPLIST_KEY_UIMainStoryboardFile = Main;
				INFOPLIST_KEY_UISupportedInterfaceOrientations_iPad = "UIInterfaceOrientationPortrait UIInterfaceOrientationPortraitUpsideDown UIInterfaceOrientationLandscapeLeft UIInterfaceOrientationLandscapeRight";
				INFOPLIST_KEY_UISupportedInterfaceOrientations_iPhone = "UIInterfaceOrientationPortrait UIInterfaceOrientationLandscapeLeft UIInterfaceOrientationLandscapeRight";
				LD_RUNPATH_SEARCH_PATHS = (
					"$(inherited)",
					"@executable_path/Frameworks",
				);
				MARKETING_VERSION = 1.0;
				PRODUCT_BUNDLE_IDENTIFIER = dec.ThirdSprintTaskProject;
				PRODUCT_NAME = "$(TARGET_NAME)";
				SWIFT_EMIT_LOC_STRINGS = YES;
				SWIFT_VERSION = 5.0;
				TARGETED_DEVICE_FAMILY = "1,2";
			};
			name = Debug;
		};
		8B2D552F29570603004D75A3 /* Release */ = {
			isa = XCBuildConfiguration;
			buildSettings = {
				ASSETCATALOG_COMPILER_APPICON_NAME = AppIcon;
				ASSETCATALOG_COMPILER_GLOBAL_ACCENT_COLOR_NAME = AccentColor;
				CODE_SIGN_STYLE = Automatic;
				CURRENT_PROJECT_VERSION = 1;
				GENERATE_INFOPLIST_FILE = YES;
				INFOPLIST_FILE = ThirdSprintTaskProject/Info.plist;
				INFOPLIST_KEY_UIApplicationSupportsIndirectInputEvents = YES;
				INFOPLIST_KEY_UILaunchStoryboardName = LaunchScreen;
				INFOPLIST_KEY_UIMainStoryboardFile = Main;
				INFOPLIST_KEY_UISupportedInterfaceOrientations_iPad = "UIInterfaceOrientationPortrait UIInterfaceOrientationPortraitUpsideDown UIInterfaceOrientationLandscapeLeft UIInterfaceOrientationLandscapeRight";
				INFOPLIST_KEY_UISupportedInterfaceOrientations_iPhone = "UIInterfaceOrientationPortrait UIInterfaceOrientationLandscapeLeft UIInterfaceOrientationLandscapeRight";
				LD_RUNPATH_SEARCH_PATHS = (
					"$(inherited)",
					"@executable_path/Frameworks",
				);
				MARKETING_VERSION = 1.0;
				PRODUCT_BUNDLE_IDENTIFIER = dec.ThirdSprintTaskProject;
				PRODUCT_NAME = "$(TARGET_NAME)";
				SWIFT_EMIT_LOC_STRINGS = YES;
				SWIFT_VERSION = 5.0;
				TARGETED_DEVICE_FAMILY = "1,2";
			};
			name = Release;
		};
		8B2D553129570603004D75A3 /* Debug */ = {
			isa = XCBuildConfiguration;
			buildSettings = {
				ALWAYS_EMBED_SWIFT_STANDARD_LIBRARIES = YES;
				BUNDLE_LOADER = "$(TEST_HOST)";
				CODE_SIGN_STYLE = Automatic;
				CURRENT_PROJECT_VERSION = 1;
				GENERATE_INFOPLIST_FILE = YES;
				IPHONEOS_DEPLOYMENT_TARGET = 16.2;
				MARKETING_VERSION = 1.0;
				PRODUCT_BUNDLE_IDENTIFIER = dec.ThirdSprintTaskProjectTests;
				PRODUCT_NAME = "$(TARGET_NAME)";
				SWIFT_EMIT_LOC_STRINGS = NO;
				SWIFT_VERSION = 5.0;
				TARGETED_DEVICE_FAMILY = "1,2";
				TEST_HOST = "$(BUILT_PRODUCTS_DIR)/ThirdSprintTaskProject.app/$(BUNDLE_EXECUTABLE_FOLDER_PATH)/ThirdSprintTaskProject";
			};
			name = Debug;
		};
		8B2D553229570603004D75A3 /* Release */ = {
			isa = XCBuildConfiguration;
			buildSettings = {
				ALWAYS_EMBED_SWIFT_STANDARD_LIBRARIES = YES;
				BUNDLE_LOADER = "$(TEST_HOST)";
				CODE_SIGN_STYLE = Automatic;
				CURRENT_PROJECT_VERSION = 1;
				GENERATE_INFOPLIST_FILE = YES;
				IPHONEOS_DEPLOYMENT_TARGET = 16.2;
				MARKETING_VERSION = 1.0;
				PRODUCT_BUNDLE_IDENTIFIER = dec.ThirdSprintTaskProjectTests;
				PRODUCT_NAME = "$(TARGET_NAME)";
				SWIFT_EMIT_LOC_STRINGS = NO;
				SWIFT_VERSION = 5.0;
				TARGETED_DEVICE_FAMILY = "1,2";
				TEST_HOST = "$(BUILT_PRODUCTS_DIR)/ThirdSprintTaskProject.app/$(BUNDLE_EXECUTABLE_FOLDER_PATH)/ThirdSprintTaskProject";
			};
			name = Release;
		};
		8B2D553429570603004D75A3 /* Debug */ = {
			isa = XCBuildConfiguration;
			buildSettings = {
				ALWAYS_EMBED_SWIFT_STANDARD_LIBRARIES = YES;
				CODE_SIGN_STYLE = Automatic;
				CURRENT_PROJECT_VERSION = 1;
				GENERATE_INFOPLIST_FILE = YES;
				MARKETING_VERSION = 1.0;
				PRODUCT_BUNDLE_IDENTIFIER = dec.ThirdSprintTaskProjectUITests;
				PRODUCT_NAME = "$(TARGET_NAME)";
				SWIFT_EMIT_LOC_STRINGS = NO;
				SWIFT_VERSION = 5.0;
				TARGETED_DEVICE_FAMILY = "1,2";
				TEST_TARGET_NAME = ThirdSprintTaskProject;
			};
			name = Debug;
		};
		8B2D553529570603004D75A3 /* Release */ = {
			isa = XCBuildConfiguration;
			buildSettings = {
				ALWAYS_EMBED_SWIFT_STANDARD_LIBRARIES = YES;
				CODE_SIGN_STYLE = Automatic;
				CURRENT_PROJECT_VERSION = 1;
				GENERATE_INFOPLIST_FILE = YES;
				MARKETING_VERSION = 1.0;
				PRODUCT_BUNDLE_IDENTIFIER = dec.ThirdSprintTaskProjectUITests;
				PRODUCT_NAME = "$(TARGET_NAME)";
				SWIFT_EMIT_LOC_STRINGS = NO;
				SWIFT_VERSION = 5.0;
				TARGETED_DEVICE_FAMILY = "1,2";
				TEST_TARGET_NAME = ThirdSprintTaskProject;
			};
			name = Release;
		};
/* End XCBuildConfiguration section */

/* Begin XCConfigurationList section */
		8B2D54FE29570601004D75A3 /* Build configuration list for PBXProject "ThirdSprintTaskProject" */ = {
			isa = XCConfigurationList;
			buildConfigurations = (
				8B2D552B29570603004D75A3 /* Debug */,
				8B2D552C29570603004D75A3 /* Release */,
			);
			defaultConfigurationIsVisible = 0;
			defaultConfigurationName = Release;
		};
		8B2D552D29570603004D75A3 /* Build configuration list for PBXNativeTarget "ThirdSprintTaskProject" */ = {
			isa = XCConfigurationList;
			buildConfigurations = (
				8B2D552E29570603004D75A3 /* Debug */,
				8B2D552F29570603004D75A3 /* Release */,
			);
			defaultConfigurationIsVisible = 0;
			defaultConfigurationName = Release;
		};
		8B2D553029570603004D75A3 /* Build configuration list for PBXNativeTarget "ThirdSprintTaskProjectTests" */ = {
			isa = XCConfigurationList;
			buildConfigurations = (
				8B2D553129570603004D75A3 /* Debug */,
				8B2D553229570603004D75A3 /* Release */,
			);
			defaultConfigurationIsVisible = 0;
			defaultConfigurationName = Release;
		};
		8B2D553329570603004D75A3 /* Build configuration list for PBXNativeTarget "ThirdSprintTaskProjectUITests" */ = {
			isa = XCConfigurationList;
			buildConfigurations = (
				8B2D553429570603004D75A3 /* Debug */,
				8B2D553529570603004D75A3 /* Release */,
			);
			defaultConfigurationIsVisible = 0;
			defaultConfigurationName = Release;
		};
/* End XCConfigurationList section */
	};
	rootObject = 8B2D54FB29570601004D75A3 /* Project object */;
}
